
Microsoft Visual Studio Solution File, Format Version 12.00
# Visual Studio Version 17
VisualStudioVersion = 17.1.32421.90
MinimumVisualStudioVersion = 10.0.40219.1
Project("{9A19103F-16F7-4668-BE54-9A1E7A4F7556}") = "Fathym.LCU.CodeBuilder.WASM", "Fathym.LCU.CodeBuilder.WASM\Fathym.LCU.CodeBuilder.WASM.csproj", "{701D4F64-7C7A-4FB1-99A6-6E81802B1C9A}"
EndProject
Project("{2150E333-8FDC-42A3-9474-1A3956D46DE8}") = "Deploy", "Deploy", "{EA00C147-F228-4E87-9BD4-AE62452B9261}"
EndProject
Project("{2150E333-8FDC-42A3-9474-1A3956D46DE8}") = "Develop", "Develop", "{A4C75AB3-0C36-469E-99DC-96A15C645AF5}"
EndProject
Project("{2150E333-8FDC-42A3-9474-1A3956D46DE8}") = "Test", "Test", "{CCD55196-3CEF-46E5-800B-F10C4611CF13}"
EndProject
Project("{2150E333-8FDC-42A3-9474-1A3956D46DE8}") = "Build", "Build", "{789065C5-FB5C-4AFB-8F5D-122D7D1C297F}"
	ProjectSection(SolutionItems) = preProject
		.gitignore = .gitignore
		nuget.config = nuget.config
	EndProjectSection
EndProject
Project("{9A19103F-16F7-4668-BE54-9A1E7A4F7556}") = "Fathym.LCU", "Fathym.LCU\Fathym.LCU.csproj", "{21B5F875-393B-49D2-BC04-BCF12AF8F9D5}"
EndProject
Project("{9A19103F-16F7-4668-BE54-9A1E7A4F7556}") = "Fathym.LCU.Studio.WASM", "Fathym.LCU.Studio.WASM\Fathym.LCU.Studio.WASM.csproj", "{41B430EB-49AB-4D2B-8883-23BD6836FAB9}"
EndProject
Project("{9A19103F-16F7-4668-BE54-9A1E7A4F7556}") = "Fathym.LCU.UI", "Fathym.LCU.UI\Fathym.LCU.UI.csproj", "{46DC1D7A-4CF2-4EB0-BDB9-ADCC57393948}"
EndProject
Project("{9A19103F-16F7-4668-BE54-9A1E7A4F7556}") = "Fathym.LCU.API", "Fathym.LCU.API\Fathym.LCU.API.csproj", "{C3F3EFCB-AA93-45B3-BC86-6D5B4780ACFD}"
EndProject
Project("{9A19103F-16F7-4668-BE54-9A1E7A4F7556}") = "Fathym.LCU.IDE", "Fathym.LCU.IDE\Fathym.LCU.IDE.csproj", "{AC9B3AAC-7065-4C92-9F5B-9D249F87FF85}"
EndProject
Project("{9A19103F-16F7-4668-BE54-9A1E7A4F7556}") = "Fathym.LCU.GrapesJS", "Fathym.LCU.GrapesJS\Fathym.LCU.GrapesJS.csproj", "{52926D60-EC52-4B05-9673-4C429347C0AD}"
EndProject
Project("{FAE04EC0-301F-11D3-BF4B-00C04F79EFBC}") = "Fathym.LCU.CodeCreator", "Fathym.LCU.CodeCreator\Fathym.LCU.CodeCreator.csproj", "{17FFE354-B25A-4634-88AE-351ECB7956C9}"
EndProject
Project("{FAE04EC0-301F-11D3-BF4B-00C04F79EFBC}") = "Fathym.LCU.UI.DragonDrop", "Fathym.LCU.UI.DragonDrop\Fathym.LCU.UI.DragonDrop.csproj", "{2063AF88-4F22-4A91-9456-5838C40B7642}"
EndProject
Global
	GlobalSection(SolutionConfigurationPlatforms) = preSolution
		Debug|Any CPU = Debug|Any CPU
		Release|Any CPU = Release|Any CPU
	EndGlobalSection
	GlobalSection(ProjectConfigurationPlatforms) = postSolution
		{701D4F64-7C7A-4FB1-99A6-6E81802B1C9A}.Debug|Any CPU.ActiveCfg = Debug|Any CPU
		{701D4F64-7C7A-4FB1-99A6-6E81802B1C9A}.Debug|Any CPU.Build.0 = Debug|Any CPU
		{701D4F64-7C7A-4FB1-99A6-6E81802B1C9A}.Release|Any CPU.ActiveCfg = Release|Any CPU
		{701D4F64-7C7A-4FB1-99A6-6E81802B1C9A}.Release|Any CPU.Build.0 = Release|Any CPU
		{21B5F875-393B-49D2-BC04-BCF12AF8F9D5}.Debug|Any CPU.ActiveCfg = Debug|Any CPU
		{21B5F875-393B-49D2-BC04-BCF12AF8F9D5}.Debug|Any CPU.Build.0 = Debug|Any CPU
		{21B5F875-393B-49D2-BC04-BCF12AF8F9D5}.Release|Any CPU.ActiveCfg = Release|Any CPU
		{21B5F875-393B-49D2-BC04-BCF12AF8F9D5}.Release|Any CPU.Build.0 = Release|Any CPU
		{41B430EB-49AB-4D2B-8883-23BD6836FAB9}.Debug|Any CPU.ActiveCfg = Debug|Any CPU
		{41B430EB-49AB-4D2B-8883-23BD6836FAB9}.Debug|Any CPU.Build.0 = Debug|Any CPU
		{41B430EB-49AB-4D2B-8883-23BD6836FAB9}.Release|Any CPU.ActiveCfg = Release|Any CPU
		{41B430EB-49AB-4D2B-8883-23BD6836FAB9}.Release|Any CPU.Build.0 = Release|Any CPU
		{46DC1D7A-4CF2-4EB0-BDB9-ADCC57393948}.Debug|Any CPU.ActiveCfg = Debug|Any CPU
		{46DC1D7A-4CF2-4EB0-BDB9-ADCC57393948}.Debug|Any CPU.Build.0 = Debug|Any CPU
		{46DC1D7A-4CF2-4EB0-BDB9-ADCC57393948}.Release|Any CPU.ActiveCfg = Release|Any CPU
		{46DC1D7A-4CF2-4EB0-BDB9-ADCC57393948}.Release|Any CPU.Build.0 = Release|Any CPU
		{C3F3EFCB-AA93-45B3-BC86-6D5B4780ACFD}.Debug|Any CPU.ActiveCfg = Debug|Any CPU
		{C3F3EFCB-AA93-45B3-BC86-6D5B4780ACFD}.Debug|Any CPU.Build.0 = Debug|Any CPU
		{C3F3EFCB-AA93-45B3-BC86-6D5B4780ACFD}.Release|Any CPU.ActiveCfg = Release|Any CPU
		{C3F3EFCB-AA93-45B3-BC86-6D5B4780ACFD}.Release|Any CPU.Build.0 = Release|Any CPU
		{AC9B3AAC-7065-4C92-9F5B-9D249F87FF85}.Debug|Any CPU.ActiveCfg = Debug|Any CPU
		{AC9B3AAC-7065-4C92-9F5B-9D249F87FF85}.Debug|Any CPU.Build.0 = Debug|Any CPU
		{AC9B3AAC-7065-4C92-9F5B-9D249F87FF85}.Release|Any CPU.ActiveCfg = Release|Any CPU
		{AC9B3AAC-7065-4C92-9F5B-9D249F87FF85}.Release|Any CPU.Build.0 = Release|Any CPU
		{52926D60-EC52-4B05-9673-4C429347C0AD}.Debug|Any CPU.ActiveCfg = Debug|Any CPU
		{52926D60-EC52-4B05-9673-4C429347C0AD}.Debug|Any CPU.Build.0 = Debug|Any CPU
		{52926D60-EC52-4B05-9673-4C429347C0AD}.Release|Any CPU.ActiveCfg = Release|Any CPU
		{52926D60-EC52-4B05-9673-4C429347C0AD}.Release|Any CPU.Build.0 = Release|Any CPU
		{17FFE354-B25A-4634-88AE-351ECB7956C9}.Debug|Any CPU.ActiveCfg = Debug|Any CPU
		{17FFE354-B25A-4634-88AE-351ECB7956C9}.Debug|Any CPU.Build.0 = Debug|Any CPU
		{17FFE354-B25A-4634-88AE-351ECB7956C9}.Release|Any CPU.ActiveCfg = Release|Any CPU
		{17FFE354-B25A-4634-88AE-351ECB7956C9}.Release|Any CPU.Build.0 = Release|Any CPU
		{2063AF88-4F22-4A91-9456-5838C40B7642}.Debug|Any CPU.ActiveCfg = Debug|Any CPU
		{2063AF88-4F22-4A91-9456-5838C40B7642}.Debug|Any CPU.Build.0 = Debug|Any CPU
		{2063AF88-4F22-4A91-9456-5838C40B7642}.Release|Any CPU.ActiveCfg = Release|Any CPU
		{2063AF88-4F22-4A91-9456-5838C40B7642}.Release|Any CPU.Build.0 = Release|Any CPU
	EndGlobalSection
	GlobalSection(SolutionProperties) = preSolution
		HideSolutionNode = FALSE
	EndGlobalSection
	GlobalSection(NestedProjects) = preSolution
		{701D4F64-7C7A-4FB1-99A6-6E81802B1C9A} = {EA00C147-F228-4E87-9BD4-AE62452B9261}
		{21B5F875-393B-49D2-BC04-BCF12AF8F9D5} = {A4C75AB3-0C36-469E-99DC-96A15C645AF5}
		{41B430EB-49AB-4D2B-8883-23BD6836FAB9} = {EA00C147-F228-4E87-9BD4-AE62452B9261}
		{46DC1D7A-4CF2-4EB0-BDB9-ADCC57393948} = {A4C75AB3-0C36-469E-99DC-96A15C645AF5}
		{C3F3EFCB-AA93-45B3-BC86-6D5B4780ACFD} = {A4C75AB3-0C36-469E-99DC-96A15C645AF5}
		{AC9B3AAC-7065-4C92-9F5B-9D249F87FF85} = {A4C75AB3-0C36-469E-99DC-96A15C645AF5}
		{52926D60-EC52-4B05-9673-4C429347C0AD} = {A4C75AB3-0C36-469E-99DC-96A15C645AF5}
		{17FFE354-B25A-4634-88AE-351ECB7956C9} = {A4C75AB3-0C36-469E-99DC-96A15C645AF5}
		{2063AF88-4F22-4A91-9456-5838C40B7642} = {A4C75AB3-0C36-469E-99DC-96A15C645AF5}
	EndGlobalSection
	GlobalSection(ExtensibilityGlobals) = postSolution
		SolutionGuid = {F64C885B-A6C7-49BF-ADB3-7615E4E0C5E7}
	EndGlobalSection
EndGlobal
